
Microsoft Visual Studio Solution File, Format Version 12.00
# Visual Studio 15
VisualStudioVersion = 15.0.27130.2036
MinimumVisualStudioVersion = 10.0.40219.1
Project("{2150E333-8FDC-42A3-9474-1A3956D46DE8}") = "src", "src", "{D0C05BE8-2839-4CC8-A9AC-51735EE2D09E}"
EndProject
Project("{2150E333-8FDC-42A3-9474-1A3956D46DE8}") = "BuildingBlocks", "BuildingBlocks", "{4A62B1FA-45B9-4B87-8CBE-63D5D700C6CC}"
EndProject
Project("{2150E333-8FDC-42A3-9474-1A3956D46DE8}") = "test", "test", "{4FCB6863-D94F-4C3D-8B26-5E24CB11F82E}"
EndProject
Project("{9A19103F-16F7-4668-BE54-9A1E7A4F7556}") = "Enterprise.Library.Common", "src\BuildingBlocks\Enterprise.Library.Common\Enterprise.Library.Common.csproj", "{B6010639-EEE1-4225-8E9E-18D132F0C011}"
EndProject
Project("{2150E333-8FDC-42A3-9474-1A3956D46DE8}") = "Services", "Services", "{BEB0266F-F9A1-49BB-A3A0-487235C925BB}"
EndProject
Project("{2150E333-8FDC-42A3-9474-1A3956D46DE8}") = "UnitTests", "UnitTests", "{5C9E528B-8AAB-4E55-B6A3-A830F5311EE1}"
EndProject
Project("{9A19103F-16F7-4668-BE54-9A1E7A4F7556}") = "InfrastructureTest", "test\Services\UnitTests\InfrastructureTest\InfrastructureTest.csproj", "{6F49D8AF-6754-489F-85FE-122943E1DDA8}"
EndProject
Project("{9A19103F-16F7-4668-BE54-9A1E7A4F7556}") = "Enterprise.Library.Common.ConsoleLogging", "src\BuildingBlocks\Enterprise.Library.Common.ConsoleLogging\Enterprise.Library.Common.ConsoleLogging.csproj", "{8EF7078F-5E21-4B77-8DFE-152B49BC0CE8}"
EndProject
Project("{9A19103F-16F7-4668-BE54-9A1E7A4F7556}") = "ServerSideSocketTest", "test\Services\UnitTests\ServerSideSocketTest\ServerSideSocketTest.csproj", "{BD299282-ADDD-4DA5-9BF2-98A99AB3D67F}"
EndProject
Project("{9A19103F-16F7-4668-BE54-9A1E7A4F7556}") = "ClientSideSocketTest", "test\Services\UnitTests\ClientSideSocketTest\ClientSideSocketTest.csproj", "{B9F2BC15-9BFE-47A9-9700-74929D4081B9}"
EndProject
Project("{9A19103F-16F7-4668-BE54-9A1E7A4F7556}") = "Enterprise.Library.Common.Autofac", "src\BuildingBlocks\Enterprise.Library.Common.Autofac\Enterprise.Library.Common.Autofac.csproj", "{8B8ED7C8-74DB-4F90-96CA-FEEF1C34E7B0}"
EndProject
Project("{9A19103F-16F7-4668-BE54-9A1E7A4F7556}") = "RemotingPerformanceTest.Server", "test\Services\UnitTests\RemotingPerformanceTest.Server\RemotingPerformanceTest.Server.csproj", "{C471FC32-4E1A-446A-92CA-E5695CA5C5FE}"
EndProject
Project("{9A19103F-16F7-4668-BE54-9A1E7A4F7556}") = "RemotingPerformanceTest.Client", "test\Services\UnitTests\RemotingPerformanceTest.Client\RemotingPerformanceTest.Client.csproj", "{3F6465C7-DAE9-43AC-BA6C-EEBF53E310FB}"
EndProject
Project("{9A19103F-16F7-4668-BE54-9A1E7A4F7556}") = "Enterprise.Library.Common.Log4NetLogging", "src\BuildingBlocks\Enterprise.Library.Common.Log4NetLogging\Enterprise.Library.Common.Log4NetLogging.csproj", "{70398178-584D-4F3E-B159-0980FF3FE271}"
EndProject
Project("{9A19103F-16F7-4668-BE54-9A1E7A4F7556}") = "Enterprise.Library.EventStore", "src\BuildingBlocks\Enterprise.Library.EventStore\Enterprise.Library.EventStore.csproj", "{5BAFCCE8-ABE2-4AB6-A764-3B6810B668CA}"
EndProject
Project("{9A19103F-16F7-4668-BE54-9A1E7A4F7556}") = "StoragePerformanceTest", "test\Services\UnitTests\StoragePerformanceTest\StoragePerformanceTest.csproj", "{B39ED78D-4BEF-431F-840F-D37D960D9248}"
EndProject
Global
	GlobalSection(SolutionConfigurationPlatforms) = preSolution
		Debug|Any CPU = Debug|Any CPU
		Release|Any CPU = Release|Any CPU
	EndGlobalSection
	GlobalSection(ProjectConfigurationPlatforms) = postSolution
		{B6010639-EEE1-4225-8E9E-18D132F0C011}.Debug|Any CPU.ActiveCfg = Debug|Any CPU
		{B6010639-EEE1-4225-8E9E-18D132F0C011}.Debug|Any CPU.Build.0 = Debug|Any CPU
		{B6010639-EEE1-4225-8E9E-18D132F0C011}.Release|Any CPU.ActiveCfg = Release|Any CPU
		{B6010639-EEE1-4225-8E9E-18D132F0C011}.Release|Any CPU.Build.0 = Release|Any CPU
		{6F49D8AF-6754-489F-85FE-122943E1DDA8}.Debug|Any CPU.ActiveCfg = Debug|Any CPU
		{6F49D8AF-6754-489F-85FE-122943E1DDA8}.Debug|Any CPU.Build.0 = Debug|Any CPU
		{6F49D8AF-6754-489F-85FE-122943E1DDA8}.Release|Any CPU.ActiveCfg = Release|Any CPU
		{6F49D8AF-6754-489F-85FE-122943E1DDA8}.Release|Any CPU.Build.0 = Release|Any CPU
		{8EF7078F-5E21-4B77-8DFE-152B49BC0CE8}.Debug|Any CPU.ActiveCfg = Debug|Any CPU
		{8EF7078F-5E21-4B77-8DFE-152B49BC0CE8}.Debug|Any CPU.Build.0 = Debug|Any CPU
		{8EF7078F-5E21-4B77-8DFE-152B49BC0CE8}.Release|Any CPU.ActiveCfg = Release|Any CPU
		{8EF7078F-5E21-4B77-8DFE-152B49BC0CE8}.Release|Any CPU.Build.0 = Release|Any CPU
		{BD299282-ADDD-4DA5-9BF2-98A99AB3D67F}.Debug|Any CPU.ActiveCfg = Debug|Any CPU
		{BD299282-ADDD-4DA5-9BF2-98A99AB3D67F}.Debug|Any CPU.Build.0 = Debug|Any CPU
		{BD299282-ADDD-4DA5-9BF2-98A99AB3D67F}.Release|Any CPU.ActiveCfg = Release|Any CPU
		{BD299282-ADDD-4DA5-9BF2-98A99AB3D67F}.Release|Any CPU.Build.0 = Release|Any CPU
		{B9F2BC15-9BFE-47A9-9700-74929D4081B9}.Debug|Any CPU.ActiveCfg = Debug|Any CPU
		{B9F2BC15-9BFE-47A9-9700-74929D4081B9}.Debug|Any CPU.Build.0 = Debug|Any CPU
		{B9F2BC15-9BFE-47A9-9700-74929D4081B9}.Release|Any CPU.ActiveCfg = Release|Any CPU
		{B9F2BC15-9BFE-47A9-9700-74929D4081B9}.Release|Any CPU.Build.0 = Release|Any CPU
		{8B8ED7C8-74DB-4F90-96CA-FEEF1C34E7B0}.Debug|Any CPU.ActiveCfg = Debug|Any CPU
		{8B8ED7C8-74DB-4F90-96CA-FEEF1C34E7B0}.Debug|Any CPU.Build.0 = Debug|Any CPU
		{8B8ED7C8-74DB-4F90-96CA-FEEF1C34E7B0}.Release|Any CPU.ActiveCfg = Release|Any CPU
		{8B8ED7C8-74DB-4F90-96CA-FEEF1C34E7B0}.Release|Any CPU.Build.0 = Release|Any CPU
		{C471FC32-4E1A-446A-92CA-E5695CA5C5FE}.Debug|Any CPU.ActiveCfg = Debug|Any CPU
		{C471FC32-4E1A-446A-92CA-E5695CA5C5FE}.Debug|Any CPU.Build.0 = Debug|Any CPU
		{C471FC32-4E1A-446A-92CA-E5695CA5C5FE}.Release|Any CPU.ActiveCfg = Release|Any CPU
		{C471FC32-4E1A-446A-92CA-E5695CA5C5FE}.Release|Any CPU.Build.0 = Release|Any CPU
		{3F6465C7-DAE9-43AC-BA6C-EEBF53E310FB}.Debug|Any CPU.ActiveCfg = Debug|Any CPU
		{3F6465C7-DAE9-43AC-BA6C-EEBF53E310FB}.Debug|Any CPU.Build.0 = Debug|Any CPU
		{3F6465C7-DAE9-43AC-BA6C-EEBF53E310FB}.Release|Any CPU.ActiveCfg = Release|Any CPU
		{3F6465C7-DAE9-43AC-BA6C-EEBF53E310FB}.Release|Any CPU.Build.0 = Release|Any CPU
		{70398178-584D-4F3E-B159-0980FF3FE271}.Debug|Any CPU.ActiveCfg = Debug|Any CPU
		{70398178-584D-4F3E-B159-0980FF3FE271}.Debug|Any CPU.Build.0 = Debug|Any CPU
		{70398178-584D-4F3E-B159-0980FF3FE271}.Release|Any CPU.ActiveCfg = Release|Any CPU
		{70398178-584D-4F3E-B159-0980FF3FE271}.Release|Any CPU.Build.0 = Release|Any CPU
		{5BAFCCE8-ABE2-4AB6-A764-3B6810B668CA}.Debug|Any CPU.ActiveCfg = Debug|Any CPU
		{5BAFCCE8-ABE2-4AB6-A764-3B6810B668CA}.Debug|Any CPU.Build.0 = Debug|Any CPU
		{5BAFCCE8-ABE2-4AB6-A764-3B6810B668CA}.Release|Any CPU.ActiveCfg = Release|Any CPU
		{5BAFCCE8-ABE2-4AB6-A764-3B6810B668CA}.Release|Any CPU.Build.0 = Release|Any CPU
		{B39ED78D-4BEF-431F-840F-D37D960D9248}.Debug|Any CPU.ActiveCfg = Debug|Any CPU
		{B39ED78D-4BEF-431F-840F-D37D960D9248}.Debug|Any CPU.Build.0 = Debug|Any CPU
		{B39ED78D-4BEF-431F-840F-D37D960D9248}.Release|Any CPU.ActiveCfg = Release|Any CPU
		{B39ED78D-4BEF-431F-840F-D37D960D9248}.Release|Any CPU.Build.0 = Release|Any CPU
	EndGlobalSection
	GlobalSection(SolutionProperties) = preSolution
		HideSolutionNode = FALSE
	EndGlobalSection
	GlobalSection(NestedProjects) = preSolution
		{4A62B1FA-45B9-4B87-8CBE-63D5D700C6CC} = {D0C05BE8-2839-4CC8-A9AC-51735EE2D09E}
		{B6010639-EEE1-4225-8E9E-18D132F0C011} = {4A62B1FA-45B9-4B87-8CBE-63D5D700C6CC}
		{BEB0266F-F9A1-49BB-A3A0-487235C925BB} = {4FCB6863-D94F-4C3D-8B26-5E24CB11F82E}
		{5C9E528B-8AAB-4E55-B6A3-A830F5311EE1} = {BEB0266F-F9A1-49BB-A3A0-487235C925BB}
		{6F49D8AF-6754-489F-85FE-122943E1DDA8} = {5C9E528B-8AAB-4E55-B6A3-A830F5311EE1}
		{8EF7078F-5E21-4B77-8DFE-152B49BC0CE8} = {4A62B1FA-45B9-4B87-8CBE-63D5D700C6CC}
		{BD299282-ADDD-4DA5-9BF2-98A99AB3D67F} = {5C9E528B-8AAB-4E55-B6A3-A830F5311EE1}
		{B9F2BC15-9BFE-47A9-9700-74929D4081B9} = {5C9E528B-8AAB-4E55-B6A3-A830F5311EE1}
		{8B8ED7C8-74DB-4F90-96CA-FEEF1C34E7B0} = {4A62B1FA-45B9-4B87-8CBE-63D5D700C6CC}
		{C471FC32-4E1A-446A-92CA-E5695CA5C5FE} = {5C9E528B-8AAB-4E55-B6A3-A830F5311EE1}
		{3F6465C7-DAE9-43AC-BA6C-EEBF53E310FB} = {5C9E528B-8AAB-4E55-B6A3-A830F5311EE1}
		{70398178-584D-4F3E-B159-0980FF3FE271} = {4A62B1FA-45B9-4B87-8CBE-63D5D700C6CC}
		{5BAFCCE8-ABE2-4AB6-A764-3B6810B668CA} = {4A62B1FA-45B9-4B87-8CBE-63D5D700C6CC}
		{B39ED78D-4BEF-431F-840F-D37D960D9248} = {5C9E528B-8AAB-4E55-B6A3-A830F5311EE1}
	EndGlobalSection
	GlobalSection(ExtensibilityGlobals) = postSolution
		SolutionGuid = {FB072F6A-27B9-49FD-893C-FED6650A032C}
	EndGlobalSection
EndGlobal
