
Microsoft Visual Studio Solution File, Format Version 12.00
# Visual Studio 15
VisualStudioVersion = 15.0.27130.2036
MinimumVisualStudioVersion = 10.0.40219.1
Project("{9A19103F-16F7-4668-BE54-9A1E7A4F7556}") = "Enterprise.Library.EventStore", "src\BuildingBlocks\Enterprise.Library.EventStore\Enterprise.Library.EventStore.csproj", "{586FB706-1156-413B-8423-EBC3AB998236}"
EndProject
Global
	GlobalSection(SolutionConfigurationPlatforms) = preSolution
		Debug|Any CPU = Debug|Any CPU
		Release|Any CPU = Release|Any CPU
	EndGlobalSection
	GlobalSection(ProjectConfigurationPlatforms) = postSolution
		{586FB706-1156-413B-8423-EBC3AB998236}.Debug|Any CPU.ActiveCfg = Debug|Any CPU
		{586FB706-1156-413B-8423-EBC3AB998236}.Debug|Any CPU.Build.0 = Debug|Any CPU
		{586FB706-1156-413B-8423-EBC3AB998236}.Release|Any CPU.ActiveCfg = Release|Any CPU
		{586FB706-1156-413B-8423-EBC3AB998236}.Release|Any CPU.Build.0 = Release|Any CPU
	EndGlobalSection
	GlobalSection(SolutionProperties) = preSolution
		HideSolutionNode = FALSE
	EndGlobalSection
	GlobalSection(ExtensibilityGlobals) = postSolution
		SolutionGuid = {C8055C80-81D3-4FEC-91DD-D1C2AF548995}
	EndGlobalSection
EndGlobal
